{
  "version": 4,
  "terraform_version": "1.4.2",
  "serial": 5,
  "lineage": "7993c913-8334-ea60-0304-7e7f0dd41cfa",
  "outputs": {},
  "resources": [
    {
      "mode": "data",
      "type": "terraform_remote_state",
      "name": "site",
      "provider": "provider[\"terraform.io/builtin/terraform\"]",
      "instances": [
        {
          "schema_version": 0,
          "attributes": {
            "backend": "s3",
            "config": {
              "value": {
                "bucket": "hananel-cloudschool",
                "key": "terraform/terraform.tfstate",
                "region": "us-east-1"
              },
              "type": [
                "object",
                {
                  "bucket": "string",
                  "key": "string",
                  "region": "string"
                }
              ]
            },
            "defaults": null,
            "outputs": {
              "value": {
                "admin_key_name": "workshop-production",
                "azs": [
                  "us-east-1a",
                  "us-east-1b"
                ],
                "environment": "workshop-production",
                "private_subnets": [
                  [
                    "subnet-0e0e93e267f505460",
                    "subnet-0283c21a0241e6c99"
                  ]
                ],
                "public_subnets": [
                  [
                    "subnet-02353be14e0125ad9",
                    "subnet-0afedcdfc079cf7d8"
                  ]
                ],
                "vpc_cidr": "10.11.0.0/16",
                "vpc_id": "vpc-0205ed3ae45b0b5cb"
              },
              "type": [
                "object",
                {
                  "admin_key_name": "string",
                  "azs": [
                    "list",
                    "string"
                  ],
                  "environment": "string",
                  "private_subnets": [
                    "tuple",
                    [
                      [
                        "tuple",
                        [
                          "string",
                          "string"
                        ]
                      ]
                    ]
                  ],
                  "public_subnets": [
                    "tuple",
                    [
                      [
                        "tuple",
                        [
                          "string",
                          "string"
                        ]
                      ]
                    ]
                  ],
                  "vpc_cidr": "string",
                  "vpc_id": "string"
                }
              ]
            },
            "workspace": null
          },
          "sensitive_attributes": []
        }
      ]
    },
    {
      "mode": "managed",
      "type": "aws_security_group",
      "name": "jenkins-server",
      "provider": "provider[\"registry.terraform.io/hashicorp/aws\"]",
      "instances": [
        {
          "schema_version": 1,
          "attributes": {
            "arn": "arn:aws:ec2:us-east-1:341146379129:security-group/sg-0c3bbd9dba0a8c511",
            "description": "sg for jenkins-server jenkins service",
            "egress": [
              {
                "cidr_blocks": [
                  "0.0.0.0/0"
                ],
                "description": "",
                "from_port": 0,
                "ipv6_cidr_blocks": [],
                "prefix_list_ids": [],
                "protocol": "-1",
                "security_groups": [],
                "self": false,
                "to_port": 0
              }
            ],
            "id": "sg-0c3bbd9dba0a8c511",
            "ingress": [
              {
                "cidr_blocks": [
                  "0.0.0.0/0"
                ],
                "description": "jenkins in docker",
                "from_port": 50003,
                "ipv6_cidr_blocks": [],
                "prefix_list_ids": [],
                "protocol": "tcp",
                "security_groups": [],
                "self": false,
                "to_port": 50003
              },
              {
                "cidr_blocks": [
                  "0.0.0.0/0"
                ],
                "description": "jenkins in docker",
                "from_port": 8083,
                "ipv6_cidr_blocks": [],
                "prefix_list_ids": [],
                "protocol": "tcp",
                "security_groups": [],
                "self": false,
                "to_port": 8083
              }
            ],
            "name": "jenkins-server_services_jenkins",
            "name_prefix": "",
            "owner_id": "341146379129",
            "revoke_rules_on_delete": false,
            "tags": {},
            "tags_all": {},
            "timeouts": null,
            "vpc_id": "vpc-0205ed3ae45b0b5cb"
          },
          "sensitive_attributes": [],
          "private": "eyJlMmJmYjczMC1lY2FhLTExZTYtOGY4OC0zNDM2M2JjN2M0YzAiOnsiY3JlYXRlIjo2MDAwMDAwMDAwMDAsImRlbGV0ZSI6OTAwMDAwMDAwMDAwfSwic2NoZW1hX3ZlcnNpb24iOiIxIn0=",
          "dependencies": [
            "data.terraform_remote_state.site"
          ],
          "create_before_destroy": true
        }
      ]
    }
  ],
  "check_results": null
}
